// !$*UTF8*$!
{
	archiveVersion = 1;
	classes = {
	};
	objectVersion = 52;
	objects = {

/* Begin PBXBuildFile section */
		1E6212311FFD8AE4006D93AF /* UIView+Helpers.swift in Sources */ = {isa = PBXBuildFile; fileRef = 1E6212301FFD8AE4006D93AF /* UIView+Helpers.swift */; };
		1E6212331FFD8B10006D93AF /* KeyboardHandler.swift in Sources */ = {isa = PBXBuildFile; fileRef = 1E6212321FFD8B10006D93AF /* KeyboardHandler.swift */; };
		1E6408BF277A6ED0005A36FD /* DMToolbox in Frameworks */ = {isa = PBXBuildFile; productRef = 1E6408BE277A6ED0005A36FD /* DMToolbox */; };
		1E6408C1277A6EDA005A36FD /* DeckCommon in Frameworks */ = {isa = PBXBuildFile; productRef = 1E6408C0277A6EDA005A36FD /* DeckCommon */; };
		1E6408C4277A6F5D005A36FD /* DeckGame in Frameworks */ = {isa = PBXBuildFile; productRef = 1E6408C3277A6F5D005A36FD /* DeckGame */; };
		1E687B401FFA80EB00CABB7E /* RefreshControl.swift in Sources */ = {isa = PBXBuildFile; fileRef = 1E687B361FFA80EB00CABB7E /* RefreshControl.swift */; };
		1E687B431FFA80EB00CABB7E /* RefreshControlAssembleView.swift in Sources */ = {isa = PBXBuildFile; fileRef = 1E687B391FFA80EB00CABB7E /* RefreshControlAssembleView.swift */; };
		1E687B441FFA80EB00CABB7E /* RefreshControlSpinner.swift in Sources */ = {isa = PBXBuildFile; fileRef = 1E687B3A1FFA80EB00CABB7E /* RefreshControlSpinner.swift */; };
		1E687B461FFA80EB00CABB7E /* RefreshControlView.swift in Sources */ = {isa = PBXBuildFile; fileRef = 1E687B3C1FFA80EB00CABB7E /* RefreshControlView.swift */; };
		1E687B471FFA80EB00CABB7E /* RefreshControlLoadingView.swift in Sources */ = {isa = PBXBuildFile; fileRef = 1E687B3D1FFA80EB00CABB7E /* RefreshControlLoadingView.swift */; };
		1E687B481FFA80EB00CABB7E /* RefreshControlErrorView.swift in Sources */ = {isa = PBXBuildFile; fileRef = 1E687B3E1FFA80EB00CABB7E /* RefreshControlErrorView.swift */; };
		1E687B4A1FFA80F400CABB7E /* KeyValueObserver.swift in Sources */ = {isa = PBXBuildFile; fileRef = 1E687B491FFA80F400CABB7E /* KeyValueObserver.swift */; };
		1E6B907D274BADAD0058E60D /* GameAssemblyViewController.swift in Sources */ = {isa = PBXBuildFile; fileRef = 1E6B907C274BADAD0058E60D /* GameAssemblyViewController.swift */; };
		1E6B907F274BAE770058E60D /* GameEndViewController.swift in Sources */ = {isa = PBXBuildFile; fileRef = 1E6B907E274BAE770058E60D /* GameEndViewController.swift */; };
		1E6B9081274BB2190058E60D /* GameFlowViewController.swift in Sources */ = {isa = PBXBuildFile; fileRef = 1E6B9080274BB2190058E60D /* GameFlowViewController.swift */; };
		1E6B9083274C4A640058E60D /* UIViewController+Embed.swift in Sources */ = {isa = PBXBuildFile; fileRef = 1E6B9082274C4A640058E60D /* UIViewController+Embed.swift */; };
		1E87E4EB1FF2EB7A0045EFC4 /* NetworkGameViewModel.swift in Sources */ = {isa = PBXBuildFile; fileRef = 1E87E4EA1FF2EB7A0045EFC4 /* NetworkGameViewModel.swift */; };
		1EA9764020869C2300D42C55 /* ScoreboardView.swift in Sources */ = {isa = PBXBuildFile; fileRef = 1EA9763F20869C2300D42C55 /* ScoreboardView.swift */; };
		1EC5E74F1FEC73E000F36809 /* Launch Screen.storyboard in Resources */ = {isa = PBXBuildFile; fileRef = 1EC5E74E1FEC73E000F36809 /* Launch Screen.storyboard */; };
		1EDF7B231FE47AB800A5A1A2 /* AppDelegate.swift in Sources */ = {isa = PBXBuildFile; fileRef = 1EDF7B221FE47AB800A5A1A2 /* AppDelegate.swift */; };
		1EDF7B281FE47AB800A5A1A2 /* Main.storyboard in Resources */ = {isa = PBXBuildFile; fileRef = 1EDF7B261FE47AB800A5A1A2 /* Main.storyboard */; };
		1EDF7B2A1FE47AB800A5A1A2 /* Assets.xcassets in Resources */ = {isa = PBXBuildFile; fileRef = 1EDF7B291FE47AB800A5A1A2 /* Assets.xcassets */; };
		1EDF7B381FE47B2000A5A1A2 /* ViewControllerTransitionAnimation.swift in Sources */ = {isa = PBXBuildFile; fileRef = 1EDF7B371FE47B2000A5A1A2 /* ViewControllerTransitionAnimation.swift */; };
		1EDF7B8B1FE47B2B00A5A1A2 /* SettingsViewModel.swift in Sources */ = {isa = PBXBuildFile; fileRef = 1EDF7B451FE47B2B00A5A1A2 /* SettingsViewModel.swift */; };
		1EDF7B8C1FE47B2B00A5A1A2 /* SettingsPlayerCell.swift in Sources */ = {isa = PBXBuildFile; fileRef = 1EDF7B461FE47B2B00A5A1A2 /* SettingsPlayerCell.swift */; };
		1EDF7B8D1FE47B2B00A5A1A2 /* SettingsViewController.swift in Sources */ = {isa = PBXBuildFile; fileRef = 1EDF7B471FE47B2B00A5A1A2 /* SettingsViewController.swift */; };
		1EDF7B921FE47B2B00A5A1A2 /* CardView.swift in Sources */ = {isa = PBXBuildFile; fileRef = 1EDF7B4F1FE47B2B00A5A1A2 /* CardView.swift */; };
		1EDF7B951FE47B2B00A5A1A2 /* DeckView.swift in Sources */ = {isa = PBXBuildFile; fileRef = 1EDF7B521FE47B2B00A5A1A2 /* DeckView.swift */; };
		1EDF7B971FE47B2B00A5A1A2 /* TableView.swift in Sources */ = {isa = PBXBuildFile; fileRef = 1EDF7B541FE47B2B00A5A1A2 /* TableView.swift */; };
		1EDF7B981FE47B2B00A5A1A2 /* PlayerView.swift in Sources */ = {isa = PBXBuildFile; fileRef = 1EDF7B551FE47B2B00A5A1A2 /* PlayerView.swift */; };
		1EDF7B9A1FE47B2B00A5A1A2 /* GameViewModel.swift in Sources */ = {isa = PBXBuildFile; fileRef = 1EDF7B581FE47B2B00A5A1A2 /* GameViewModel.swift */; };
		1EDF7B9B1FE47B2B00A5A1A2 /* GameViewController.swift in Sources */ = {isa = PBXBuildFile; fileRef = 1EDF7B591FE47B2B00A5A1A2 /* GameViewController.swift */; };
		1EDF7BA11FE47B2B00A5A1A2 /* RadialGradientLayer.swift in Sources */ = {isa = PBXBuildFile; fileRef = 1EDF7B611FE47B2B00A5A1A2 /* RadialGradientLayer.swift */; };
		1EDF7BAC1FE47B2B00A5A1A2 /* UIViewNib.swift in Sources */ = {isa = PBXBuildFile; fileRef = 1EDF7B6D1FE47B2B00A5A1A2 /* UIViewNib.swift */; };
		1EDF7BAE1FE47B2B00A5A1A2 /* UIViewShadow.swift in Sources */ = {isa = PBXBuildFile; fileRef = 1EDF7B6F1FE47B2B00A5A1A2 /* UIViewShadow.swift */; };
		1EDF7BB01FE47B2B00A5A1A2 /* ButtonExtension.swift in Sources */ = {isa = PBXBuildFile; fileRef = 1EDF7B711FE47B2B00A5A1A2 /* ButtonExtension.swift */; };
		1EDF7BBD1FE47B2B00A5A1A2 /* LobbyViewController.swift in Sources */ = {isa = PBXBuildFile; fileRef = 1EDF7B801FE47B2B00A5A1A2 /* LobbyViewController.swift */; };
		1EDF7BBE1FE47B2B00A5A1A2 /* NetworkGameViewController.swift in Sources */ = {isa = PBXBuildFile; fileRef = 1EDF7B811FE47B2B00A5A1A2 /* NetworkGameViewController.swift */; };
		1EDF7BC31FE4805B00A5A1A2 /* AppDelegateRegistration.swift in Sources */ = {isa = PBXBuildFile; fileRef = 1EDF7BC21FE4805B00A5A1A2 /* AppDelegateRegistration.swift */; };
		1EFB12AD1FF594BD00FEF914 /* MultiplayerViewCell.swift in Sources */ = {isa = PBXBuildFile; fileRef = 1EFB12AB1FF594BD00FEF914 /* MultiplayerViewCell.swift */; };
		1EFB12AE1FF594BD00FEF914 /* MultiplayerViewCell.xib in Resources */ = {isa = PBXBuildFile; fileRef = 1EFB12AC1FF594BD00FEF914 /* MultiplayerViewCell.xib */; };
/* End PBXBuildFile section */

/* Begin PBXFileReference section */
		1E03AACF23511D5600B687D2 /* CardGame.entitlements */ = {isa = PBXFileReference; lastKnownFileType = text.plist.entitlements; path = CardGame.entitlements; sourceTree = "<group>"; };
		1E6212301FFD8AE4006D93AF /* UIView+Helpers.swift */ = {isa = PBXFileReference; lastKnownFileType = sourcecode.swift; path = "UIView+Helpers.swift"; sourceTree = "<group>"; };
		1E6212321FFD8B10006D93AF /* KeyboardHandler.swift */ = {isa = PBXFileReference; lastKnownFileType = sourcecode.swift; path = KeyboardHandler.swift; sourceTree = "<group>"; };
		1E6408C2277A6F53005A36FD /* DeckGame */ = {isa = PBXFileReference; lastKnownFileType = folder; name = DeckGame; path = ../../DeckGame; sourceTree = "<group>"; };
		1E687B361FFA80EB00CABB7E /* RefreshControl.swift */ = {isa = PBXFileReference; fileEncoding = 4; lastKnownFileType = sourcecode.swift; path = RefreshControl.swift; sourceTree = "<group>"; };
		1E687B391FFA80EB00CABB7E /* RefreshControlAssembleView.swift */ = {isa = PBXFileReference; fileEncoding = 4; lastKnownFileType = sourcecode.swift; path = RefreshControlAssembleView.swift; sourceTree = "<group>"; };
		1E687B3A1FFA80EB00CABB7E /* RefreshControlSpinner.swift */ = {isa = PBXFileReference; fileEncoding = 4; lastKnownFileType = sourcecode.swift; path = RefreshControlSpinner.swift; sourceTree = "<group>"; };
		1E687B3C1FFA80EB00CABB7E /* RefreshControlView.swift */ = {isa = PBXFileReference; fileEncoding = 4; lastKnownFileType = sourcecode.swift; path = RefreshControlView.swift; sourceTree = "<group>"; };
		1E687B3D1FFA80EB00CABB7E /* RefreshControlLoadingView.swift */ = {isa = PBXFileReference; fileEncoding = 4; lastKnownFileType = sourcecode.swift; path = RefreshControlLoadingView.swift; sourceTree = "<group>"; };
		1E687B3E1FFA80EB00CABB7E /* RefreshControlErrorView.swift */ = {isa = PBXFileReference; fileEncoding = 4; lastKnownFileType = sourcecode.swift; path = RefreshControlErrorView.swift; sourceTree = "<group>"; };
		1E687B491FFA80F400CABB7E /* KeyValueObserver.swift */ = {isa = PBXFileReference; fileEncoding = 4; lastKnownFileType = sourcecode.swift; path = KeyValueObserver.swift; sourceTree = "<group>"; };
		1E6B907C274BADAD0058E60D /* GameAssemblyViewController.swift */ = {isa = PBXFileReference; lastKnownFileType = sourcecode.swift; path = GameAssemblyViewController.swift; sourceTree = "<group>"; };
		1E6B907E274BAE770058E60D /* GameEndViewController.swift */ = {isa = PBXFileReference; lastKnownFileType = sourcecode.swift; path = GameEndViewController.swift; sourceTree = "<group>"; };
		1E6B9080274BB2190058E60D /* GameFlowViewController.swift */ = {isa = PBXFileReference; lastKnownFileType = sourcecode.swift; path = GameFlowViewController.swift; sourceTree = "<group>"; };
		1E6B9082274C4A640058E60D /* UIViewController+Embed.swift */ = {isa = PBXFileReference; lastKnownFileType = sourcecode.swift; path = "UIViewController+Embed.swift"; sourceTree = "<group>"; };
		1E87E4EA1FF2EB7A0045EFC4 /* NetworkGameViewModel.swift */ = {isa = PBXFileReference; lastKnownFileType = sourcecode.swift; path = NetworkGameViewModel.swift; sourceTree = "<group>"; };
		1EA9763F20869C2300D42C55 /* ScoreboardView.swift */ = {isa = PBXFileReference; lastKnownFileType = sourcecode.swift; path = ScoreboardView.swift; sourceTree = "<group>"; };
		1EB11813277A6D680071C04A /* DeckCommon */ = {isa = PBXFileReference; lastKnownFileType = folder; name = DeckCommon; path = ../../DeckCommon; sourceTree = "<group>"; };
		1EB11814277A6DAA0071C04A /* DMToolbox */ = {isa = PBXFileReference; lastKnownFileType = folder; name = DMToolbox; path = ../../DMToolbox; sourceTree = "<group>"; };
		1EC5E74E1FEC73E000F36809 /* Launch Screen.storyboard */ = {isa = PBXFileReference; lastKnownFileType = file.storyboard; path = "Launch Screen.storyboard"; sourceTree = "<group>"; };
		1EDF7B1F1FE47AB800A5A1A2 /* Deck.app */ = {isa = PBXFileReference; explicitFileType = wrapper.application; includeInIndex = 0; path = Deck.app; sourceTree = BUILT_PRODUCTS_DIR; };
		1EDF7B221FE47AB800A5A1A2 /* AppDelegate.swift */ = {isa = PBXFileReference; lastKnownFileType = sourcecode.swift; path = AppDelegate.swift; sourceTree = "<group>"; };
		1EDF7B271FE47AB800A5A1A2 /* Base */ = {isa = PBXFileReference; lastKnownFileType = file.storyboard; name = Base; path = Base.lproj/Main.storyboard; sourceTree = "<group>"; };
		1EDF7B291FE47AB800A5A1A2 /* Assets.xcassets */ = {isa = PBXFileReference; lastKnownFileType = folder.assetcatalog; path = Assets.xcassets; sourceTree = "<group>"; };
		1EDF7B2E1FE47AB800A5A1A2 /* Info.plist */ = {isa = PBXFileReference; lastKnownFileType = text.plist.xml; path = Info.plist; sourceTree = "<group>"; };
		1EDF7B371FE47B2000A5A1A2 /* ViewControllerTransitionAnimation.swift */ = {isa = PBXFileReference; fileEncoding = 4; lastKnownFileType = sourcecode.swift; path = ViewControllerTransitionAnimation.swift; sourceTree = "<group>"; };
		1EDF7B451FE47B2B00A5A1A2 /* SettingsViewModel.swift */ = {isa = PBXFileReference; fileEncoding = 4; lastKnownFileType = sourcecode.swift; path = SettingsViewModel.swift; sourceTree = "<group>"; };
		1EDF7B461FE47B2B00A5A1A2 /* SettingsPlayerCell.swift */ = {isa = PBXFileReference; fileEncoding = 4; lastKnownFileType = sourcecode.swift; path = SettingsPlayerCell.swift; sourceTree = "<group>"; };
		1EDF7B471FE47B2B00A5A1A2 /* SettingsViewController.swift */ = {isa = PBXFileReference; fileEncoding = 4; lastKnownFileType = sourcecode.swift; path = SettingsViewController.swift; sourceTree = "<group>"; };
		1EDF7B4F1FE47B2B00A5A1A2 /* CardView.swift */ = {isa = PBXFileReference; fileEncoding = 4; lastKnownFileType = sourcecode.swift; path = CardView.swift; sourceTree = "<group>"; };
		1EDF7B521FE47B2B00A5A1A2 /* DeckView.swift */ = {isa = PBXFileReference; fileEncoding = 4; lastKnownFileType = sourcecode.swift; path = DeckView.swift; sourceTree = "<group>"; };
		1EDF7B541FE47B2B00A5A1A2 /* TableView.swift */ = {isa = PBXFileReference; fileEncoding = 4; lastKnownFileType = sourcecode.swift; path = TableView.swift; sourceTree = "<group>"; };
		1EDF7B551FE47B2B00A5A1A2 /* PlayerView.swift */ = {isa = PBXFileReference; fileEncoding = 4; lastKnownFileType = sourcecode.swift; path = PlayerView.swift; sourceTree = "<group>"; };
		1EDF7B581FE47B2B00A5A1A2 /* GameViewModel.swift */ = {isa = PBXFileReference; fileEncoding = 4; lastKnownFileType = sourcecode.swift; path = GameViewModel.swift; sourceTree = "<group>"; };
		1EDF7B591FE47B2B00A5A1A2 /* GameViewController.swift */ = {isa = PBXFileReference; fileEncoding = 4; lastKnownFileType = sourcecode.swift; path = GameViewController.swift; sourceTree = "<group>"; };
		1EDF7B611FE47B2B00A5A1A2 /* RadialGradientLayer.swift */ = {isa = PBXFileReference; fileEncoding = 4; lastKnownFileType = sourcecode.swift; path = RadialGradientLayer.swift; sourceTree = "<group>"; };
		1EDF7B6D1FE47B2B00A5A1A2 /* UIViewNib.swift */ = {isa = PBXFileReference; fileEncoding = 4; lastKnownFileType = sourcecode.swift; path = UIViewNib.swift; sourceTree = "<group>"; };
		1EDF7B6F1FE47B2B00A5A1A2 /* UIViewShadow.swift */ = {isa = PBXFileReference; fileEncoding = 4; lastKnownFileType = sourcecode.swift; path = UIViewShadow.swift; sourceTree = "<group>"; };
		1EDF7B711FE47B2B00A5A1A2 /* ButtonExtension.swift */ = {isa = PBXFileReference; fileEncoding = 4; lastKnownFileType = sourcecode.swift; path = ButtonExtension.swift; sourceTree = "<group>"; };
		1EDF7B801FE47B2B00A5A1A2 /* LobbyViewController.swift */ = {isa = PBXFileReference; fileEncoding = 4; lastKnownFileType = sourcecode.swift; path = LobbyViewController.swift; sourceTree = "<group>"; };
		1EDF7B811FE47B2B00A5A1A2 /* NetworkGameViewController.swift */ = {isa = PBXFileReference; fileEncoding = 4; lastKnownFileType = sourcecode.swift; path = NetworkGameViewController.swift; sourceTree = "<group>"; };
		1EDF7BC21FE4805B00A5A1A2 /* AppDelegateRegistration.swift */ = {isa = PBXFileReference; fileEncoding = 4; lastKnownFileType = sourcecode.swift; path = AppDelegateRegistration.swift; sourceTree = "<group>"; };
		1EFB12AB1FF594BD00FEF914 /* MultiplayerViewCell.swift */ = {isa = PBXFileReference; lastKnownFileType = sourcecode.swift; path = MultiplayerViewCell.swift; sourceTree = "<group>"; };
		1EFB12AC1FF594BD00FEF914 /* MultiplayerViewCell.xib */ = {isa = PBXFileReference; lastKnownFileType = file.xib; path = MultiplayerViewCell.xib; sourceTree = "<group>"; };
/* End PBXFileReference section */

/* Begin PBXFrameworksBuildPhase section */
		1EDF7B1C1FE47AB800A5A1A2 /* Frameworks */ = {
			isa = PBXFrameworksBuildPhase;
			buildActionMask = 2147483647;
			files = (
				1E6408C1277A6EDA005A36FD /* DeckCommon in Frameworks */,
				1E6408BF277A6ED0005A36FD /* DMToolbox in Frameworks */,
				1E6408C4277A6F5D005A36FD /* DeckGame in Frameworks */,
			);
			runOnlyForDeploymentPostprocessing = 0;
		};
/* End PBXFrameworksBuildPhase section */

/* Begin PBXGroup section */
		1E1F37221FE9C49A00FD9A30 /* Frameworks */ = {
			isa = PBXGroup;
			children = (
			);
			name = Frameworks;
			sourceTree = "<group>";
		};
		1E4DD95220544CB400EDD46D /* Cells */ = {
			isa = PBXGroup;
			children = (
				1EFB12AB1FF594BD00FEF914 /* MultiplayerViewCell.swift */,
				1EFB12AC1FF594BD00FEF914 /* MultiplayerViewCell.xib */,
			);
			path = Cells;
			sourceTree = "<group>";
		};
		1EABF1B520BC9C1300CA9CFF /* Views */ = {
			isa = PBXGroup;
			children = (
				1EDF7B541FE47B2B00A5A1A2 /* TableView.swift */,
				1EDF7B521FE47B2B00A5A1A2 /* DeckView.swift */,
				1EDF7B4F1FE47B2B00A5A1A2 /* CardView.swift */,
				1EDF7B551FE47B2B00A5A1A2 /* PlayerView.swift */,
				1EA9763F20869C2300D42C55 /* ScoreboardView.swift */,
			);
			path = Views;
			sourceTree = "<group>";
		};
		1EDF7B161FE47AB800A5A1A2 = {
			isa = PBXGroup;
			children = (
				1EDF7B211FE47AB800A5A1A2 /* Deck66 */,
				1EDF7B201FE47AB800A5A1A2 /* Products */,
				1E1F37221FE9C49A00FD9A30 /* Frameworks */,
				1EECBEA327791863005B7160 /* Packages */,
			);
			sourceTree = "<group>";
		};
		1EDF7B201FE47AB800A5A1A2 /* Products */ = {
			isa = PBXGroup;
			children = (
				1EDF7B1F1FE47AB800A5A1A2 /* Deck.app */,
			);
			name = Products;
			sourceTree = "<group>";
		};
		1EDF7B211FE47AB800A5A1A2 /* Deck66 */ = {
			isa = PBXGroup;
			children = (
				1E03AACF23511D5600B687D2 /* CardGame.entitlements */,
				1EDF7B5E1FE47B2B00A5A1A2 /* Tools */,
				1EEE19851FEC66F00051D753 /* UI */,
				1EDF7B221FE47AB800A5A1A2 /* AppDelegate.swift */,
				1EDF7BC21FE4805B00A5A1A2 /* AppDelegateRegistration.swift */,
				1EDF7B261FE47AB800A5A1A2 /* Main.storyboard */,
				1EC5E74E1FEC73E000F36809 /* Launch Screen.storyboard */,
				1EDF7B291FE47AB800A5A1A2 /* Assets.xcassets */,
				1EDF7B2E1FE47AB800A5A1A2 /* Info.plist */,
			);
			path = Deck66;
			sourceTree = "<group>";
		};
		1EDF7B361FE47B2000A5A1A2 /* Animations */ = {
			isa = PBXGroup;
			children = (
				1EDF7B371FE47B2000A5A1A2 /* ViewControllerTransitionAnimation.swift */,
			);
			path = Animations;
			sourceTree = "<group>";
		};
		1EDF7B441FE47B2B00A5A1A2 /* Settings */ = {
			isa = PBXGroup;
			children = (
				1EDF7B471FE47B2B00A5A1A2 /* SettingsViewController.swift */,
				1EDF7B451FE47B2B00A5A1A2 /* SettingsViewModel.swift */,
				1EDF7B461FE47B2B00A5A1A2 /* SettingsPlayerCell.swift */,
			);
			path = Settings;
			sourceTree = "<group>";
		};
		1EDF7B481FE47B2B00A5A1A2 /* Game */ = {
			isa = PBXGroup;
			children = (
				1EDF7B591FE47B2B00A5A1A2 /* GameViewController.swift */,
				1EDF7B581FE47B2B00A5A1A2 /* GameViewModel.swift */,
			);
			path = Game;
			sourceTree = "<group>";
		};
		1EDF7B5E1FE47B2B00A5A1A2 /* Tools */ = {
			isa = PBXGroup;
			children = (
				1EDF7BCC1FE4892300A5A1A2 /* UI */,
			);
			path = Tools;
			sourceTree = "<group>";
		};
		1EDF7B7F1FE47B2B00A5A1A2 /* NetworkGame */ = {
			isa = PBXGroup;
			children = (
				1E4DD95220544CB400EDD46D /* Cells */,
				1EDF7B811FE47B2B00A5A1A2 /* NetworkGameViewController.swift */,
				1E87E4EA1FF2EB7A0045EFC4 /* NetworkGameViewModel.swift */,
			);
			path = NetworkGame;
			sourceTree = "<group>";
		};
		1EDF7BCC1FE4892300A5A1A2 /* UI */ = {
			isa = PBXGroup;
			children = (
				1EDF7B361FE47B2000A5A1A2 /* Animations */,
				1EEE19821FEC66750051D753 /* RefreshControl */,
				1EDF7B611FE47B2B00A5A1A2 /* RadialGradientLayer.swift */,
				1EDF7B6F1FE47B2B00A5A1A2 /* UIViewShadow.swift */,
				1EDF7B6D1FE47B2B00A5A1A2 /* UIViewNib.swift */,
				1EDF7B711FE47B2B00A5A1A2 /* ButtonExtension.swift */,
				1E6212301FFD8AE4006D93AF /* UIView+Helpers.swift */,
				1E6212321FFD8B10006D93AF /* KeyboardHandler.swift */,
				1E6B9082274C4A640058E60D /* UIViewController+Embed.swift */,
			);
			path = UI;
			sourceTree = "<group>";
		};
		1EECBEA327791863005B7160 /* Packages */ = {
			isa = PBXGroup;
			children = (
				1EB11813277A6D680071C04A /* DeckCommon */,
				1EB11814277A6DAA0071C04A /* DMToolbox */,
				1E6408C2277A6F53005A36FD /* DeckGame */,
			);
			name = Packages;
			sourceTree = "<group>";
		};
		1EEE19821FEC66750051D753 /* RefreshControl */ = {
			isa = PBXGroup;
			children = (
				1E687B491FFA80F400CABB7E /* KeyValueObserver.swift */,
				1E687B361FFA80EB00CABB7E /* RefreshControl.swift */,
				1E687B3C1FFA80EB00CABB7E /* RefreshControlView.swift */,
				1E687B3A1FFA80EB00CABB7E /* RefreshControlSpinner.swift */,
				1E687B3D1FFA80EB00CABB7E /* RefreshControlLoadingView.swift */,
				1E687B391FFA80EB00CABB7E /* RefreshControlAssembleView.swift */,
				1E687B3E1FFA80EB00CABB7E /* RefreshControlErrorView.swift */,
			);
			path = RefreshControl;
			sourceTree = "<group>";
		};
		1EEE19851FEC66F00051D753 /* UI */ = {
			isa = PBXGroup;
			children = (
				1EFF869C277B38A700F8365B /* Gameplay */,
				1EDF7B801FE47B2B00A5A1A2 /* LobbyViewController.swift */,
			);
			path = UI;
			sourceTree = "<group>";
		};
		1EFF869A277B2F2400F8365B /* Assembly */ = {
			isa = PBXGroup;
			children = (
				1E6B907C274BADAD0058E60D /* GameAssemblyViewController.swift */,
			);
			path = Assembly;
			sourceTree = "<group>";
		};
		1EFF869B277B2F3700F8365B /* GameEnd */ = {
			isa = PBXGroup;
			children = (
				1E6B907E274BAE770058E60D /* GameEndViewController.swift */,
			);
			path = GameEnd;
			sourceTree = "<group>";
		};
		1EFF869C277B38A700F8365B /* Gameplay */ = {
			isa = PBXGroup;
			children = (
				1EABF1B520BC9C1300CA9CFF /* Views */,
				1EDF7B7F1FE47B2B00A5A1A2 /* NetworkGame */,
				1EFF869A277B2F2400F8365B /* Assembly */,
				1EDF7B481FE47B2B00A5A1A2 /* Game */,
				1EFF869B277B2F3700F8365B /* GameEnd */,
				1EDF7B441FE47B2B00A5A1A2 /* Settings */,
				1E6B9080274BB2190058E60D /* GameFlowViewController.swift */,
			);
			path = Gameplay;
			sourceTree = "<group>";
		};
/* End PBXGroup section */

/* Begin PBXNativeTarget section */
		1EDF7B1E1FE47AB800A5A1A2 /* Deck */ = {
			isa = PBXNativeTarget;
			buildConfigurationList = 1EDF7B311FE47AB800A5A1A2 /* Build configuration list for PBXNativeTarget "Deck" */;
			buildPhases = (
				1E6628DB2270ED3E00E01E64 /* Tag Processor */,
				1EDF7B1C1FE47AB800A5A1A2 /* Frameworks */,
				1EDF7B1B1FE47AB800A5A1A2 /* Sources */,
				1EDF7B1D1FE47AB800A5A1A2 /* Resources */,
			);
			buildRules = (
			);
			dependencies = (
			);
			name = Deck;
			packageProductDependencies = (
				1E6408BE277A6ED0005A36FD /* DMToolbox */,
				1E6408C0277A6EDA005A36FD /* DeckCommon */,
				1E6408C3277A6F5D005A36FD /* DeckGame */,
			);
			productName = CardGame;
			productReference = 1EDF7B1F1FE47AB800A5A1A2 /* Deck.app */;
			productType = "com.apple.product-type.application";
		};
/* End PBXNativeTarget section */

/* Begin PBXProject section */
		1EDF7B171FE47AB800A5A1A2 /* Project object */ = {
			isa = PBXProject;
			attributes = {
				LastSwiftUpdateCheck = 0920;
				LastUpgradeCheck = 1210;
				ORGANIZATIONNAME = "Davorin Madaric";
				TargetAttributes = {
					1EDF7B1E1FE47AB800A5A1A2 = {
						CreatedOnToolsVersion = 9.2;
						LastSwiftMigration = 1100;
						ProvisioningStyle = Automatic;
					};
				};
			};
			buildConfigurationList = 1EDF7B1A1FE47AB800A5A1A2 /* Build configuration list for PBXProject "Deck66" */;
			compatibilityVersion = "Xcode 8.0";
			developmentRegion = en;
			hasScannedForEncodings = 0;
			knownRegions = (
				en,
				Base,
			);
			mainGroup = 1EDF7B161FE47AB800A5A1A2;
			packageReferences = (
			);
			productRefGroup = 1EDF7B201FE47AB800A5A1A2 /* Products */;
			projectDirPath = "";
			projectRoot = "";
			targets = (
				1EDF7B1E1FE47AB800A5A1A2 /* Deck */,
			);
		};
/* End PBXProject section */

/* Begin PBXResourcesBuildPhase section */
		1EDF7B1D1FE47AB800A5A1A2 /* Resources */ = {
			isa = PBXResourcesBuildPhase;
			buildActionMask = 2147483647;
			files = (
				1EC5E74F1FEC73E000F36809 /* Launch Screen.storyboard in Resources */,
				1EDF7B2A1FE47AB800A5A1A2 /* Assets.xcassets in Resources */,
				1EDF7B281FE47AB800A5A1A2 /* Main.storyboard in Resources */,
				1EFB12AE1FF594BD00FEF914 /* MultiplayerViewCell.xib in Resources */,
			);
			runOnlyForDeploymentPostprocessing = 0;
		};
/* End PBXResourcesBuildPhase section */

/* Begin PBXShellScriptBuildPhase section */
		1E6628DB2270ED3E00E01E64 /* Tag Processor */ = {
			isa = PBXShellScriptBuildPhase;
			buildActionMask = 2147483647;
			files = (
			);
			inputFileListPaths = (
			);
			inputPaths = (
			);
			name = "Tag Processor";
			outputFileListPaths = (
			);
			outputPaths = (
			);
			runOnlyForDeploymentPostprocessing = 0;
			shellPath = /bin/sh;
			shellScript = "TAGS=\"TODO:|FIXME:\"\nERRORTAG=\"ERROR:\"\nfind \"${SRCROOT}\" \\( -name \"*.h\" -or -name \"*.m\" -or -name \"*.swift\" \\) -print0 | xargs -0 egrep --with-filename --line-number --only-matching \"($TAGS).*\\$|($ERRORTAG).*\\$\" | perl -p -e \"s/($TAGS)/ warning: \\$1/\" | perl -p -e \"s/($ERRORTAG)/ error: \\$1/\"\n";
		};
/* End PBXShellScriptBuildPhase section */

/* Begin PBXSourcesBuildPhase section */
		1EDF7B1B1FE47AB800A5A1A2 /* Sources */ = {
			isa = PBXSourcesBuildPhase;
			buildActionMask = 2147483647;
			files = (
				1EDF7BC31FE4805B00A5A1A2 /* AppDelegateRegistration.swift in Sources */,
				1EFB12AD1FF594BD00FEF914 /* MultiplayerViewCell.swift in Sources */,
				1E87E4EB1FF2EB7A0045EFC4 /* NetworkGameViewModel.swift in Sources */,
				1EDF7B971FE47B2B00A5A1A2 /* TableView.swift in Sources */,
				1EDF7B981FE47B2B00A5A1A2 /* PlayerView.swift in Sources */,
				1E6B907F274BAE770058E60D /* GameEndViewController.swift in Sources */,
				1EDF7BBE1FE47B2B00A5A1A2 /* NetworkGameViewController.swift in Sources */,
				1E687B401FFA80EB00CABB7E /* RefreshControl.swift in Sources */,
				1E6B9083274C4A640058E60D /* UIViewController+Embed.swift in Sources */,
				1E6212311FFD8AE4006D93AF /* UIView+Helpers.swift in Sources */,
				1E687B4A1FFA80F400CABB7E /* KeyValueObserver.swift in Sources */,
				1EDF7BB01FE47B2B00A5A1A2 /* ButtonExtension.swift in Sources */,
				1EDF7B9A1FE47B2B00A5A1A2 /* GameViewModel.swift in Sources */,
				1EDF7B8C1FE47B2B00A5A1A2 /* SettingsPlayerCell.swift in Sources */,
				1EDF7B8D1FE47B2B00A5A1A2 /* SettingsViewController.swift in Sources */,
				1E6212331FFD8B10006D93AF /* KeyboardHandler.swift in Sources */,
				1EDF7BA11FE47B2B00A5A1A2 /* RadialGradientLayer.swift in Sources */,
				1E6B907D274BADAD0058E60D /* GameAssemblyViewController.swift in Sources */,
				1E687B481FFA80EB00CABB7E /* RefreshControlErrorView.swift in Sources */,
				1E687B461FFA80EB00CABB7E /* RefreshControlView.swift in Sources */,
				1EDF7B381FE47B2000A5A1A2 /* ViewControllerTransitionAnimation.swift in Sources */,
				1EDF7B8B1FE47B2B00A5A1A2 /* SettingsViewModel.swift in Sources */,
				1E687B431FFA80EB00CABB7E /* RefreshControlAssembleView.swift in Sources */,
				1E687B471FFA80EB00CABB7E /* RefreshControlLoadingView.swift in Sources */,
				1EDF7B921FE47B2B00A5A1A2 /* CardView.swift in Sources */,
				1EA9764020869C2300D42C55 /* ScoreboardView.swift in Sources */,
				1EDF7B951FE47B2B00A5A1A2 /* DeckView.swift in Sources */,
				1EDF7B9B1FE47B2B00A5A1A2 /* GameViewController.swift in Sources */,
				1E687B441FFA80EB00CABB7E /* RefreshControlSpinner.swift in Sources */,
				1EDF7BAE1FE47B2B00A5A1A2 /* UIViewShadow.swift in Sources */,
				1E6B9081274BB2190058E60D /* GameFlowViewController.swift in Sources */,
				1EDF7B231FE47AB800A5A1A2 /* AppDelegate.swift in Sources */,
				1EDF7BAC1FE47B2B00A5A1A2 /* UIViewNib.swift in Sources */,
				1EDF7BBD1FE47B2B00A5A1A2 /* LobbyViewController.swift in Sources */,
			);
			runOnlyForDeploymentPostprocessing = 0;
		};
/* End PBXSourcesBuildPhase section */

/* Begin PBXVariantGroup section */
		1EDF7B261FE47AB800A5A1A2 /* Main.storyboard */ = {
			isa = PBXVariantGroup;
			children = (
				1EDF7B271FE47AB800A5A1A2 /* Base */,
			);
			name = Main.storyboard;
			sourceTree = "<group>";
		};
/* End PBXVariantGroup section */

/* Begin XCBuildConfiguration section */
		1EDF7B2F1FE47AB800A5A1A2 /* Debug */ = {
			isa = XCBuildConfiguration;
			buildSettings = {
				ALWAYS_SEARCH_USER_PATHS = NO;
				CLANG_ANALYZER_NONNULL = YES;
				CLANG_ANALYZER_NUMBER_OBJECT_CONVERSION = YES_AGGRESSIVE;
				CLANG_CXX_LANGUAGE_STANDARD = "gnu++14";
				CLANG_CXX_LIBRARY = "libc++";
				CLANG_ENABLE_MODULES = YES;
				CLANG_ENABLE_OBJC_ARC = YES;
				CLANG_WARN_BLOCK_CAPTURE_AUTORELEASING = YES;
				CLANG_WARN_BOOL_CONVERSION = YES;
				CLANG_WARN_COMMA = YES;
				CLANG_WARN_CONSTANT_CONVERSION = YES;
				CLANG_WARN_DEPRECATED_OBJC_IMPLEMENTATIONS = YES;
				CLANG_WARN_DIRECT_OBJC_ISA_USAGE = YES_ERROR;
				CLANG_WARN_DOCUMENTATION_COMMENTS = YES;
				CLANG_WARN_EMPTY_BODY = YES;
				CLANG_WARN_ENUM_CONVERSION = YES;
				CLANG_WARN_INFINITE_RECURSION = YES;
				CLANG_WARN_INT_CONVERSION = YES;
				CLANG_WARN_NON_LITERAL_NULL_CONVERSION = YES;
				CLANG_WARN_OBJC_IMPLICIT_RETAIN_SELF = YES;
				CLANG_WARN_OBJC_LITERAL_CONVERSION = YES;
				CLANG_WARN_OBJC_ROOT_CLASS = YES_ERROR;
				CLANG_WARN_QUOTED_INCLUDE_IN_FRAMEWORK_HEADER = YES;
				CLANG_WARN_RANGE_LOOP_ANALYSIS = YES;
				CLANG_WARN_STRICT_PROTOTYPES = YES;
				CLANG_WARN_SUSPICIOUS_MOVE = YES;
				CLANG_WARN_UNGUARDED_AVAILABILITY = YES_AGGRESSIVE;
				CLANG_WARN_UNREACHABLE_CODE = YES;
				CLANG_WARN__DUPLICATE_METHOD_MATCH = YES;
				CODE_SIGN_IDENTITY = "iPhone Developer";
				COPY_PHASE_STRIP = NO;
				DEBUG_INFORMATION_FORMAT = dwarf;
				ENABLE_STRICT_OBJC_MSGSEND = YES;
				ENABLE_TESTABILITY = YES;
				GCC_C_LANGUAGE_STANDARD = gnu11;
				GCC_DYNAMIC_NO_PIC = NO;
				GCC_NO_COMMON_BLOCKS = YES;
				GCC_OPTIMIZATION_LEVEL = 0;
				GCC_PREPROCESSOR_DEFINITIONS = (
					"DEBUG=1",
					"$(inherited)",
				);
				GCC_WARN_64_TO_32_BIT_CONVERSION = YES;
				GCC_WARN_ABOUT_RETURN_TYPE = YES_ERROR;
				GCC_WARN_UNDECLARED_SELECTOR = YES;
				GCC_WARN_UNINITIALIZED_AUTOS = YES_AGGRESSIVE;
				GCC_WARN_UNUSED_FUNCTION = YES;
				GCC_WARN_UNUSED_VARIABLE = YES;
				IPHONEOS_DEPLOYMENT_TARGET = 13.0;
				MTL_ENABLE_DEBUG_INFO = YES;
				ONLY_ACTIVE_ARCH = YES;
				SDKROOT = iphoneos;
				SWIFT_ACTIVE_COMPILATION_CONDITIONS = DEBUG;
				SWIFT_OPTIMIZATION_LEVEL = "-Onone";
			};
			name = Debug;
		};
		1EDF7B301FE47AB800A5A1A2 /* Release */ = {
			isa = XCBuildConfiguration;
			buildSettings = {
				ALWAYS_SEARCH_USER_PATHS = NO;
				CLANG_ANALYZER_NONNULL = YES;
				CLANG_ANALYZER_NUMBER_OBJECT_CONVERSION = YES_AGGRESSIVE;
				CLANG_CXX_LANGUAGE_STANDARD = "gnu++14";
				CLANG_CXX_LIBRARY = "libc++";
				CLANG_ENABLE_MODULES = YES;
				CLANG_ENABLE_OBJC_ARC = YES;
				CLANG_WARN_BLOCK_CAPTURE_AUTORELEASING = YES;
				CLANG_WARN_BOOL_CONVERSION = YES;
				CLANG_WARN_COMMA = YES;
				CLANG_WARN_CONSTANT_CONVERSION = YES;
				CLANG_WARN_DEPRECATED_OBJC_IMPLEMENTATIONS = YES;
				CLANG_WARN_DIRECT_OBJC_ISA_USAGE = YES_ERROR;
				CLANG_WARN_DOCUMENTATION_COMMENTS = YES;
				CLANG_WARN_EMPTY_BODY = YES;
				CLANG_WARN_ENUM_CONVERSION = YES;
				CLANG_WARN_INFINITE_RECURSION = YES;
				CLANG_WARN_INT_CONVERSION = YES;
				CLANG_WARN_NON_LITERAL_NULL_CONVERSION = YES;
				CLANG_WARN_OBJC_IMPLICIT_RETAIN_SELF = YES;
				CLANG_WARN_OBJC_LITERAL_CONVERSION = YES;
				CLANG_WARN_OBJC_ROOT_CLASS = YES_ERROR;
				CLANG_WARN_QUOTED_INCLUDE_IN_FRAMEWORK_HEADER = YES;
				CLANG_WARN_RANGE_LOOP_ANALYSIS = YES;
				CLANG_WARN_STRICT_PROTOTYPES = YES;
				CLANG_WARN_SUSPICIOUS_MOVE = YES;
				CLANG_WARN_UNGUARDED_AVAILABILITY = YES_AGGRESSIVE;
				CLANG_WARN_UNREACHABLE_CODE = YES;
				CLANG_WARN__DUPLICATE_METHOD_MATCH = YES;
				CODE_SIGN_IDENTITY = "iPhone Developer";
				COPY_PHASE_STRIP = NO;
				DEBUG_INFORMATION_FORMAT = "dwarf-with-dsym";
				ENABLE_NS_ASSERTIONS = NO;
				ENABLE_STRICT_OBJC_MSGSEND = YES;
				GCC_C_LANGUAGE_STANDARD = gnu11;
				GCC_NO_COMMON_BLOCKS = YES;
				GCC_WARN_64_TO_32_BIT_CONVERSION = YES;
				GCC_WARN_ABOUT_RETURN_TYPE = YES_ERROR;
				GCC_WARN_UNDECLARED_SELECTOR = YES;
				GCC_WARN_UNINITIALIZED_AUTOS = YES_AGGRESSIVE;
				GCC_WARN_UNUSED_FUNCTION = YES;
				GCC_WARN_UNUSED_VARIABLE = YES;
				IPHONEOS_DEPLOYMENT_TARGET = 13.0;
				MTL_ENABLE_DEBUG_INFO = NO;
				SDKROOT = iphoneos;
				SWIFT_COMPILATION_MODE = wholemodule;
				SWIFT_OPTIMIZATION_LEVEL = "-O";
				VALIDATE_PRODUCT = YES;
			};
			name = Release;
		};
		1EDF7B321FE47AB800A5A1A2 /* Debug */ = {
			isa = XCBuildConfiguration;
			buildSettings = {
				ASSETCATALOG_COMPILER_APPICON_NAME = AppIcon;
				CODE_SIGN_ENTITLEMENTS = Deck/Deck.entitlements;
				CODE_SIGN_STYLE = Automatic;
				DEVELOPMENT_TEAM = 68VR5CE66Z;
				INFOPLIST_FILE = Deck/Info.plist;
				LD_RUNPATH_SEARCH_PATHS = (
					"$(inherited)",
					"@executable_path/Frameworks",
				);
				PRODUCT_BUNDLE_IDENTIFIER = net.pluen.Deck;
				PRODUCT_NAME = "$(TARGET_NAME)";
				SUPPORTS_MACCATALYST = NO;
				SWIFT_VERSION = 5.0;
				TARGETED_DEVICE_FAMILY = "1,2";
			};
			name = Debug;
		};
		1EDF7B331FE47AB800A5A1A2 /* Release */ = {
			isa = XCBuildConfiguration;
			buildSettings = {
				ASSETCATALOG_COMPILER_APPICON_NAME = AppIcon;
				CODE_SIGN_ENTITLEMENTS = Deck/Deck.entitlements;
				CODE_SIGN_STYLE = Automatic;
				DEVELOPMENT_TEAM = 68VR5CE66Z;
				INFOPLIST_FILE = Deck/Info.plist;
				LD_RUNPATH_SEARCH_PATHS = (
					"$(inherited)",
					"@executable_path/Frameworks",
				);
				PRODUCT_BUNDLE_IDENTIFIER = net.pluen.Deck;
				PRODUCT_NAME = "$(TARGET_NAME)";
				SUPPORTS_MACCATALYST = NO;
				SWIFT_VERSION = 5.0;
				TARGETED_DEVICE_FAMILY = "1,2";
			};
			name = Release;
		};
/* End XCBuildConfiguration section */

/* Begin XCConfigurationList section */
		1EDF7B1A1FE47AB800A5A1A2 /* Build configuration list for PBXProject "Deck66" */ = {
			isa = XCConfigurationList;
			buildConfigurations = (
				1EDF7B2F1FE47AB800A5A1A2 /* Debug */,
				1EDF7B301FE47AB800A5A1A2 /* Release */,
			);
			defaultConfigurationIsVisible = 0;
			defaultConfigurationName = Release;
		};
		1EDF7B311FE47AB800A5A1A2 /* Build configuration list for PBXNativeTarget "Deck" */ = {
			isa = XCConfigurationList;
			buildConfigurations = (
				1EDF7B321FE47AB800A5A1A2 /* Debug */,
				1EDF7B331FE47AB800A5A1A2 /* Release */,
			);
			defaultConfigurationIsVisible = 0;
			defaultConfigurationName = Release;
		};
/* End XCConfigurationList section */

/* Begin XCSwiftPackageProductDependency section */
		1E6408BE277A6ED0005A36FD /* DMToolbox */ = {
			isa = XCSwiftPackageProductDependency;
			productName = DMToolbox;
		};
		1E6408C0277A6EDA005A36FD /* DeckCommon */ = {
			isa = XCSwiftPackageProductDependency;
			productName = DeckCommon;
		};
		1E6408C3277A6F5D005A36FD /* DeckGame */ = {
			isa = XCSwiftPackageProductDependency;
			productName = DeckGame;
		};
/* End XCSwiftPackageProductDependency section */
	};
	rootObject = 1EDF7B171FE47AB800A5A1A2 /* Project object */;
}
